
Microsoft Visual Studio Solution File, Format Version 12.00
# Visual Studio Version 17
VisualStudioVersion = 17.0.31903.59
MinimumVisualStudioVersion = 10.0.40219.1
Project("{2150E333-8FDC-42A3-9474-1A3956D46DE8}") = "src", "src", "{15FA9DDF-7ED7-4B97-9E92-E5E063D9182D}"
EndProject
Project("{FAE04EC0-301F-11D3-BF4B-00C04F79EFBC}") = "JobAgent.Domain", "src\JobAgent.Domain\JobAgent.Domain.csproj", "{854058C3-C7D9-43E7-A6ED-3486B92E84B1}"
EndProject
Project("{FAE04EC0-301F-11D3-BF4B-00C04F79EFBC}") = "JobAgent.Application", "src\JobAgent.Application\JobAgent.Application.csproj", "{1D326B5E-C0CB-4464-A830-8DA30BDF925F}"
EndProject
Project("{FAE04EC0-301F-11D3-BF4B-00C04F79EFBC}") = "JobAgent.Infrastructure", "src\JobAgent.Infrastructure\JobAgent.Infrastructure.csproj", "{4DFA74B9-2F2B-45D8-825F-012ED92478D6}"
EndProject
Project("{FAE04EC0-301F-11D3-BF4B-00C04F79EFBC}") = "JobAgent.Console", "src\JobAgent.Console\JobAgent.Console.csproj", "{49DF699E-15B3-4713-8D64-97CACFF22B0C}"
EndProject
Global
	GlobalSection(SolutionConfigurationPlatforms) = preSolution
		Debug|Any CPU = Debug|Any CPU
		Release|Any CPU = Release|Any CPU
	EndGlobalSection
	GlobalSection(SolutionProperties) = preSolution
		HideSolutionNode = FALSE
	EndGlobalSection
	GlobalSection(ProjectConfigurationPlatforms) = postSolution
		{854058C3-C7D9-43E7-A6ED-3486B92E84B1}.Debug|Any CPU.ActiveCfg = Debug|Any CPU
		{854058C3-C7D9-43E7-A6ED-3486B92E84B1}.Debug|Any CPU.Build.0 = Debug|Any CPU
		{854058C3-C7D9-43E7-A6ED-3486B92E84B1}.Release|Any CPU.ActiveCfg = Release|Any CPU
		{854058C3-C7D9-43E7-A6ED-3486B92E84B1}.Release|Any CPU.Build.0 = Release|Any CPU
		{1D326B5E-C0CB-4464-A830-8DA30BDF925F}.Debug|Any CPU.ActiveCfg = Debug|Any CPU
		{1D326B5E-C0CB-4464-A830-8DA30BDF925F}.Debug|Any CPU.Build.0 = Debug|Any CPU
		{1D326B5E-C0CB-4464-A830-8DA30BDF925F}.Release|Any CPU.ActiveCfg = Release|Any CPU
		{1D326B5E-C0CB-4464-A830-8DA30BDF925F}.Release|Any CPU.Build.0 = Release|Any CPU
		{4DFA74B9-2F2B-45D8-825F-012ED92478D6}.Debug|Any CPU.ActiveCfg = Debug|Any CPU
		{4DFA74B9-2F2B-45D8-825F-012ED92478D6}.Debug|Any CPU.Build.0 = Debug|Any CPU
		{4DFA74B9-2F2B-45D8-825F-012ED92478D6}.Release|Any CPU.ActiveCfg = Release|Any CPU
		{4DFA74B9-2F2B-45D8-825F-012ED92478D6}.Release|Any CPU.Build.0 = Release|Any CPU
		{49DF699E-15B3-4713-8D64-97CACFF22B0C}.Debug|Any CPU.ActiveCfg = Debug|Any CPU
		{49DF699E-15B3-4713-8D64-97CACFF22B0C}.Debug|Any CPU.Build.0 = Debug|Any CPU
		{49DF699E-15B3-4713-8D64-97CACFF22B0C}.Release|Any CPU.ActiveCfg = Release|Any CPU
		{49DF699E-15B3-4713-8D64-97CACFF22B0C}.Release|Any CPU.Build.0 = Release|Any CPU
	EndGlobalSection
	GlobalSection(NestedProjects) = preSolution
		{854058C3-C7D9-43E7-A6ED-3486B92E84B1} = {15FA9DDF-7ED7-4B97-9E92-E5E063D9182D}
		{1D326B5E-C0CB-4464-A830-8DA30BDF925F} = {15FA9DDF-7ED7-4B97-9E92-E5E063D9182D}
		{4DFA74B9-2F2B-45D8-825F-012ED92478D6} = {15FA9DDF-7ED7-4B97-9E92-E5E063D9182D}
		{49DF699E-15B3-4713-8D64-97CACFF22B0C} = {15FA9DDF-7ED7-4B97-9E92-E5E063D9182D}
	EndGlobalSection
EndGlobal
